
Microsoft Visual Studio Solution File, Format Version 12.00
# Visual Studio 15
VisualStudioVersion = 15.0.28010.2050
MinimumVisualStudioVersion = 10.0.40219.1
Project("{8BC9CEB8-8B4A-11D0-8D11-00A0C91BC942}") = "Adaptive_K_means", "Adaptive_K_means\Adaptive_K_means.vcxproj", "{909EAF61-64C6-46B4-A130-D843A18F9BBF}"
EndProject
Global
	GlobalSection(SolutionConfigurationPlatforms) = preSolution
		Debug|x64 = Debug|x64
		Debug|x86 = Debug|x86
		Release|x64 = Release|x64
		Release|x86 = Release|x86
	EndGlobalSection
	GlobalSection(ProjectConfigurationPlatforms) = postSolution
		{909EAF61-64C6-46B4-A130-D843A18F9BBF}.Debug|x64.ActiveCfg = Debug|x64
		{909EAF61-64C6-46B4-A130-D843A18F9BBF}.Debug|x64.Build.0 = Debug|x64
		{909EAF61-64C6-46B4-A130-D843A18F9BBF}.Debug|x86.ActiveCfg = Debug|Win32
		{909EAF61-64C6-46B4-A130-D843A18F9BBF}.Debug|x86.Build.0 = Debug|Win32
		{909EAF61-64C6-46B4-A130-D843A18F9BBF}.Release|x64.ActiveCfg = Release|x64
		{909EAF61-64C6-46B4-A130-D843A18F9BBF}.Release|x64.Build.0 = Release|x64
		{909EAF61-64C6-46B4-A130-D843A18F9BBF}.Release|x86.ActiveCfg = Release|Win32
		{909EAF61-64C6-46B4-A130-D843A18F9BBF}.Release|x86.Build.0 = Release|Win32
	EndGlobalSection
	GlobalSection(SolutionProperties) = preSolution
		HideSolutionNode = FALSE
	EndGlobalSection
	GlobalSection(ExtensibilityGlobals) = postSolution
		SolutionGuid = {A75FED1F-653C-46F0-BA08-AA0E8CB70F1B}
	EndGlobalSection
EndGlobal
